<?xml version="1.0" encoding="utf-8"?>
<Project ToolsVersion="16.0" xmlns="http://schemas.microsoft.com/developer/msbuild/2003">
  <ItemGroup>
    <CustomBuild Include="C:\Users\Eisim\laba5\include\CMakeLists.txt" />
  </ItemGroup>
  <ItemGroup>
    <None Include="C:\Users\Eisim\laba5\include\list.h">
      <Filter>Header Files</Filter>
    </None>
    <None Include="C:\Users\Eisim\laba5\include\monom.h">
      <Filter>Header Files</Filter>
    </None>
    <None Include="C:\Users\Eisim\laba5\include\polynom.h">
      <Filter>Header Files</Filter>
    </None>
  </ItemGroup>
  <ItemGroup>
    <Filter Include="Header Files">
      <UniqueIdentifier>{90EC6B7E-3BA2-387A-9EEC-0AAED5786375}</UniqueIdentifier>
    </Filter>
  </ItemGroup>
</Project>
