<?xml version="1.0" encoding="utf-8"?>
<Project ToolsVersion="16.0" xmlns="http://schemas.microsoft.com/developer/msbuild/2003">
  <ItemGroup>
    <CustomBuild Include="C:\Users\Eisim\laba5\build2\CMakeFiles\8ff6dd7ede55d453cf8210e3c9bef07e\RUN_TESTS_force.rule">
      <Filter>CMake Rules</Filter>
    </CustomBuild>
  </ItemGroup>
  <ItemGroup>
    <Filter Include="CMake Rules">
      <UniqueIdentifier>{E22E41F0-444F-34B7-9DB8-6CCE72EEE8AA}</UniqueIdentifier>
    </Filter>
  </ItemGroup>
</Project>
